{
    "_readme": [
        "This file locks the dependencies of your project to a known state",
        "Read more about it at https://getcomposer.org/doc/01-basic-usage.md#installing-dependencies",
        "This file is @generated automatically"
    ],
    "content-hash": "679a35b8e5fab5aa32fc53790b1a096d",
    "packages": [
        {
            "name": "phpmv/ubiquity",
            "version": "dev-master",
            "source": {
                "type": "git",
                "url": "https://github.com/phpMv/ubiquity.git",
                "reference": "0dd3563f59ae6f942f9909917e0103c1e6016d63"
            },
            "dist": {
                "type": "zip",
                "url": "https://api.github.com/repos/phpMv/ubiquity/zipball/0dd3563f59ae6f942f9909917e0103c1e6016d63",
                "reference": "0dd3563f59ae6f942f9909917e0103c1e6016d63",
                "shasum": ""
            },
            "require": {
                "php": ">=7.4"
            },
            "require-dev": {
                "phpmv/php-mv-ui": "^2.2",
                "phpmv/ubiquity-codeception": "dev-master",
                "phpmv/ubiquity-dev": "^0.1",
                "phpmv/ubiquity-devtools": "dev-master"
            },
            "default-branch": true,
            "type": "framework",
            "extra": {
                "branch-alias": {
                    "dev-master": "2.4.x-dev"
                }
            },
            "autoload": {
                "psr-4": {
                    "Ubiquity\\": "src/Ubiquity/"
                }
            },
            "notification-url": "https://packagist.org/downloads/",
            "license": [
                "Apache-2.0"
            ],
            "authors": [
                {
                    "name": "Jean-Christophe HERON",
                    "email": "myaddressmail@gmail.com",
                    "role": "Lead developer"
                }
            ],
            "description": "Ubiquity-framework",
            "keywords": [
                "framework",
                "mvc",
                "orm",
                "php"
            ],
            "support": {
                "issues": "https://github.com/phpMv/ubiquity/issues",
                "source": "https://github.com/phpMv/ubiquity/tree/master"
            },
            "time": "2021-04-06T09:10:38+00:00"
        },
        {
            "name": "symfony/polyfill-ctype",
            "version": "v1.22.1",
            "source": {
                "type": "git",
                "url": "https://github.com/symfony/polyfill-ctype.git",
                "reference": "c6c942b1ac76c82448322025e084cadc56048b4e"
            },
            "dist": {
                "type": "zip",
                "url": "https://api.github.com/repos/symfony/polyfill-ctype/zipball/c6c942b1ac76c82448322025e084cadc56048b4e",
                "reference": "c6c942b1ac76c82448322025e084cadc56048b4e",
                "shasum": ""
            },
            "require": {
                "php": ">=7.1"
            },
            "suggest": {
                "ext-ctype": "For best performance"
            },
            "type": "library",
            "extra": {
                "branch-alias": {
                    "dev-main": "1.22-dev"
                },
                "thanks": {
                    "name": "symfony/polyfill",
                    "url": "https://github.com/symfony/polyfill"
                }
            },
            "autoload": {
                "psr-4": {
                    "Symfony\\Polyfill\\Ctype\\": ""
                },
                "files": [
                    "bootstrap.php"
                ]
            },
            "notification-url": "https://packagist.org/downloads/",
            "license": [
                "MIT"
            ],
            "authors": [
                {
                    "name": "Gert de Pagter",
                    "email": "BackEndTea@gmail.com"
                },
                {
                    "name": "Symfony Community",
                    "homepage": "https://symfony.com/contributors"
                }
            ],
            "description": "Symfony polyfill for ctype functions",
            "homepage": "https://symfony.com",
            "keywords": [
                "compatibility",
                "ctype",
                "polyfill",
                "portable"
            ],
            "support": {
                "source": "https://github.com/symfony/polyfill-ctype/tree/v1.22.1"
            },
            "funding": [
                {
                    "url": "https://symfony.com/sponsor",
                    "type": "custom"
                },
                {
                    "url": "https://github.com/fabpot",
                    "type": "github"
                },
                {
                    "url": "https://tidelift.com/funding/github/packagist/symfony/symfony",
                    "type": "tidelift"
                }
            ],
            "time": "2021-01-07T16:49:33+00:00"
        },
        {
            "name": "symfony/polyfill-mbstring",
            "version": "v1.22.1",
            "source": {
                "type": "git",
                "url": "https://github.com/symfony/polyfill-mbstring.git",
                "reference": "5232de97ee3b75b0360528dae24e73db49566ab1"
            },
            "dist": {
                "type": "zip",
                "url": "https://api.github.com/repos/symfony/polyfill-mbstring/zipball/5232de97ee3b75b0360528dae24e73db49566ab1",
                "reference": "5232de97ee3b75b0360528dae24e73db49566ab1",
                "shasum": ""
            },
            "require": {
                "php": ">=7.1"
            },
            "suggest": {
                "ext-mbstring": "For best performance"
            },
            "type": "library",
            "extra": {
                "branch-alias": {
                    "dev-main": "1.22-dev"
                },
                "thanks": {
                    "name": "symfony/polyfill",
                    "url": "https://github.com/symfony/polyfill"
                }
            },
            "autoload": {
                "psr-4": {
                    "Symfony\\Polyfill\\Mbstring\\": ""
                },
                "files": [
                    "bootstrap.php"
                ]
            },
            "notification-url": "https://packagist.org/downloads/",
            "license": [
                "MIT"
            ],
            "authors": [
                {
                    "name": "Nicolas Grekas",
                    "email": "p@tchwork.com"
                },
                {
                    "name": "Symfony Community",
                    "homepage": "https://symfony.com/contributors"
                }
            ],
            "description": "Symfony polyfill for the Mbstring extension",
            "homepage": "https://symfony.com",
            "keywords": [
                "compatibility",
                "mbstring",
                "polyfill",
                "portable",
                "shim"
            ],
            "support": {
                "source": "https://github.com/symfony/polyfill-mbstring/tree/v1.22.1"
            },
            "funding": [
                {
                    "url": "https://symfony.com/sponsor",
                    "type": "custom"
                },
                {
                    "url": "https://github.com/fabpot",
                    "type": "github"
                },
                {
                    "url": "https://tidelift.com/funding/github/packagist/symfony/symfony",
                    "type": "tidelift"
                }
            ],
            "time": "2021-01-22T09:19:47+00:00"
        },
        {
            "name": "twig/twig",
            "version": "v3.3.0",
            "source": {
                "type": "git",
                "url": "https://github.com/twigphp/Twig.git",
                "reference": "1f3b7e2c06cc05d42936a8ad508ff1db7975cdc5"
            },
            "dist": {
                "type": "zip",
                "url": "https://api.github.com/repos/twigphp/Twig/zipball/1f3b7e2c06cc05d42936a8ad508ff1db7975cdc5",
                "reference": "1f3b7e2c06cc05d42936a8ad508ff1db7975cdc5",
                "shasum": ""
            },
            "require": {
                "php": ">=7.2.5",
                "symfony/polyfill-ctype": "^1.8",
                "symfony/polyfill-mbstring": "^1.3"
            },
            "require-dev": {
                "psr/container": "^1.0",
                "symfony/phpunit-bridge": "^4.4.9|^5.0.9"
            },
            "type": "library",
            "extra": {
                "branch-alias": {
                    "dev-master": "3.3-dev"
                }
            },
            "autoload": {
                "psr-4": {
                    "Twig\\": "src/"
                }
            },
            "notification-url": "https://packagist.org/downloads/",
            "license": [
                "BSD-3-Clause"
            ],
            "authors": [
                {
                    "name": "Fabien Potencier",
                    "email": "fabien@symfony.com",
                    "homepage": "http://fabien.potencier.org",
                    "role": "Lead Developer"
                },
                {
                    "name": "Twig Team",
                    "role": "Contributors"
                },
                {
                    "name": "Armin Ronacher",
                    "email": "armin.ronacher@active-4.com",
                    "role": "Project Founder"
                }
            ],
            "description": "Twig, the flexible, fast, and secure template language for PHP",
            "homepage": "https://twig.symfony.com",
            "keywords": [
                "templating"
            ],
            "support": {
                "issues": "https://github.com/twigphp/Twig/issues",
                "source": "https://github.com/twigphp/Twig/tree/v3.3.0"
            },
            "funding": [
                {
                    "url": "https://github.com/fabpot",
                    "type": "github"
                },
                {
                    "url": "https://tidelift.com/funding/github/packagist/twig/twig",
                    "type": "tidelift"
                }
            ],
            "time": "2021-02-08T09:54:36+00:00"
        }
    ],
    "packages-dev": [
        {
            "name": "frameworks/jquery",
            "version": "2.1.4",
            "source": {
                "type": "git",
                "url": "https://github.com/frameworks/jquery.git",
                "reference": "ef9c4fe9fcb23914bba6ec6d32c556e4a38a0fd9"
            },
            "dist": {
                "type": "zip",
                "url": "https://api.github.com/repos/frameworks/jquery/zipball/ef9c4fe9fcb23914bba6ec6d32c556e4a38a0fd9",
                "reference": "ef9c4fe9fcb23914bba6ec6d32c556e4a38a0fd9",
                "shasum": ""
            },
            "type": "library",
            "notification-url": "https://packagist.org/downloads/",
            "license": [
                "MIT"
            ],
            "description": "jQuery JavaScript Library",
            "homepage": "http://jquery.com",
            "support": {
                "forum": "http://forum.jquery.com",
                "irc": "irc://irc.freenode.org/jquery",
                "issues": "http://bugs.jquery.com",
                "source": "https://github.com/jquery/jquery",
                "wiki": "http://docs.jquery.com/"
            },
            "time": "2015-10-09T00:55:51+00:00"
        },
        {
            "name": "phpmv/php-mv-ui",
            "version": "2.3.22",
            "source": {
                "type": "git",
                "url": "https://github.com/phpMv/phpMv-UI.git",
                "reference": "01600588e0e9e446c2a5d426ee18c2d06aaf20a3"
            },
            "dist": {
                "type": "zip",
                "url": "https://api.github.com/repos/phpMv/phpMv-UI/zipball/01600588e0e9e446c2a5d426ee18c2d06aaf20a3",
                "reference": "01600588e0e9e446c2a5d426ee18c2d06aaf20a3",
                "shasum": ""
            },
            "require": {
                "frameworks/jquery": "~2.1",
                "php": ">7.0"
            },
            "suggest": {
                "components/jqueryui": "~1.11",
                "fomantic/ui": "~2.7.8",
                "twitter/bootstrap": "~3.3"
            },
            "type": "library",
            "extra": {
                "branch-alias": {
                    "dev-master": "2.4.x-dev"
                }
            },
            "autoload": {
                "psr-4": {
                    "Ajax\\": "Ajax/"
                }
            },
            "notification-url": "https://packagist.org/downloads/",
            "license": [
                "Apache-2.0"
            ],
            "authors": [
                {
                    "name": "Jean-Christophe HERON",
                    "email": "myaddressmail@gmail.com",
                    "role": "Lead developer"
                }
            ],
            "description": "A JQuery and UI library for php and php MVC frameworks",
            "keywords": [
                "codeigniter",
                "framework",
                "jQuery UI",
                "jquery",
                "laravel",
                "phalcon",
                "php",
                "semantic ui",
                "symfony",
                "twitter bootstrap",
                "ubiquity",
                "yii"
            ],
            "support": {
                "issues": "https://github.com/phpMv/phpMv-UI/issues",
                "source": "https://github.com/phpMv/phpMv-UI/tree/2.3.22"
            },
            "time": "2021-04-04T23:54:51+00:00"
        },
        {
            "name": "phpmv/ubiquity-attributes",
            "version": "0.0.7",
            "source": {
                "type": "git",
                "url": "https://github.com/phpMv/ubiquity-attributes.git",
                "reference": "a7f0c6d3899eb6715a879c2c9a28b67d89158869"
            },
            "dist": {
                "type": "zip",
                "url": "https://api.github.com/repos/phpMv/ubiquity-attributes/zipball/a7f0c6d3899eb6715a879c2c9a28b67d89158869",
                "reference": "a7f0c6d3899eb6715a879c2c9a28b67d89158869",
                "shasum": ""
            },
            "require": {
                "php": ">=8.0",
                "phpmv/ubiquity": "^2.4"
            },
            "type": "extension",
            "extra": {
                "branch-alias": {
                    "dev-master": "1.0.x-dev"
                }
            },
            "autoload": {
                "psr-4": {
                    "Ubiquity\\": "src/Ubiquity/"
                }
            },
            "notification-url": "https://packagist.org/downloads/",
            "license": [
                "Apache-2.0"
            ],
            "authors": [
                {
                    "name": "Jean-Christophe HERON",
                    "email": "myaddressmail@gmail.com",
                    "role": "Lead developer"
                }
            ],
            "description": "php 8 attributes for Ubiquity framework",
            "keywords": [
                "annotations",
                "attributes",
                "framework",
                "mvc",
                "php",
                "php-framework"
            ],
            "support": {
                "issues": "https://github.com/phpMv/ubiquity-attributes/issues",
                "source": "https://github.com/phpMv/ubiquity-attributes/tree/0.0.7"
            },
            "time": "2021-03-07T01:35:41+00:00"
        },
        {
            "name": "phpmv/ubiquity-codeception",
            "version": "1.0.1",
            "source": {
                "type": "git",
                "url": "https://github.com/phpMv/ubiquity-codeception.git",
                "reference": "74e44a9a46ab63d6c0dd27b520d7bb952984e108"
            },
            "dist": {
                "type": "zip",
                "url": "https://api.github.com/repos/phpMv/ubiquity-codeception/zipball/74e44a9a46ab63d6c0dd27b520d7bb952984e108",
                "reference": "74e44a9a46ab63d6c0dd27b520d7bb952984e108",
                "shasum": ""
            },
            "require": {
                "php": ">7.0"
            },
            "require-dev": {
                "codeception/codeception": "^2.2",
                "phpmv/ubiquity": "dev-master"
            },
            "type": "module",
            "extra": {
                "branch-alias": {
                    "dev-master": "1.0.x-dev"
                }
            },
            "autoload": {
                "psr-4": {
                    "Codeception\\Module\\": "src/functional/",
                    "Codeception\\Lib\\Connector\\": "src/functional/",
                    "Ubiquity\\tests\\unit\\": "src/unit/"
                }
            },
            "notification-url": "https://packagist.org/downloads/",
            "authors": [
                {
                    "name": "Jean-Christophe HERON",
                    "email": "myaddressmail@gmail.com",
                    "role": "Developer"
                }
            ],
            "description": "Make Codeception's functional tests for Ubiquity framework",
            "keywords": [
                "framework",
                "mvc",
                "orm",
                "php",
                "tests"
            ],
            "support": {
                "issues": "https://github.com/phpMv/ubiquity-codeception/issues",
                "source": "https://github.com/phpMv/ubiquity-codeception/tree/master"
            },
            "time": "2019-07-30T13:21:24+00:00"
        },
        {
            "name": "phpmv/ubiquity-commands",
            "version": "0.0.22",
            "source": {
                "type": "git",
                "url": "https://github.com/phpMv/ubiquity-commands.git",
                "reference": "ff6a042f6301ab2c16f9b0469bd75cbf6db102e7"
            },
            "dist": {
                "type": "zip",
                "url": "https://api.github.com/repos/phpMv/ubiquity-commands/zipball/ff6a042f6301ab2c16f9b0469bd75cbf6db102e7",
                "reference": "ff6a042f6301ab2c16f9b0469bd75cbf6db102e7",
                "shasum": ""
            },
            "require": {
                "php": ">=7.4"
            },
            "type": "extension",
            "extra": {
                "branch-alias": {
                    "dev-master": "1.0.x-dev"
                }
            },
            "autoload": {
                "psr-4": {
                    "Ubiquity\\": "src/Ubiquity/"
                }
            },
            "notification-url": "https://packagist.org/downloads/",
            "license": [
                "Apache-2.0"
            ],
            "authors": [
                {
                    "name": "Jean-Christophe HERON",
                    "email": "myaddressmail@gmail.com",
                    "role": "Lead developer"
                }
            ],
            "description": "Ubiquity commands helper",
            "keywords": [
                "Devtools",
                "cmd",
                "framework",
                "mvc",
                "php",
                "php-framework",
                "tools"
            ],
            "support": {
                "issues": "https://github.com/phpMv/ubiquity-commands/issues",
                "source": "https://github.com/phpMv/ubiquity-commands/tree/0.0.22"
            },
            "time": "2021-02-07T23:58:13+00:00"
        },
        {
            "name": "phpmv/ubiquity-dev",
            "version": "0.1.13",
            "source": {
                "type": "git",
                "url": "https://github.com/phpMv/ubiquity-dev.git",
                "reference": "a7644b86939616da3550eeb419b5a55cfc4c2338"
            },
            "dist": {
                "type": "zip",
                "url": "https://api.github.com/repos/phpMv/ubiquity-dev/zipball/a7644b86939616da3550eeb419b5a55cfc4c2338",
                "reference": "a7644b86939616da3550eeb419b5a55cfc4c2338",
                "shasum": ""
            },
            "require": {
                "php": ">=7.4"
            },
            "type": "extension",
            "extra": {
                "branch-alias": {
                    "dev-master": "1.0.x-dev"
                }
            },
            "autoload": {
                "psr-4": {
                    "Ubiquity\\": "src/Ubiquity/"
                }
            },
            "notification-url": "https://packagist.org/downloads/",
            "license": [
                "Apache-2.0"
            ],
            "authors": [
                {
                    "name": "Jean-Christophe HERON",
                    "email": "myaddressmail@gmail.com",
                    "role": "Lead developer"
                }
            ],
            "description": "dev classes for Ubiquity framework",
            "keywords": [
                "framework",
                "mailer",
                "mvc",
                "php",
                "php-framework",
                "tools"
            ],
            "support": {
                "issues": "https://github.com/phpMv/ubiquity-dev/issues",
                "source": "https://github.com/phpMv/ubiquity-dev/tree/0.1.13"
            },
            "time": "2021-03-04T18:52:08+00:00"
        },
        {
            "name": "phpmv/ubiquity-devtools",
            "version": "1.2.26",
            "source": {
                "type": "git",
                "url": "https://github.com/phpMv/ubiquity-devtools.git",
                "reference": "80c2c2c3fbc647b2f5897a87479701cb438b69a2"
            },
            "dist": {
                "type": "zip",
                "url": "https://api.github.com/repos/phpMv/ubiquity-devtools/zipball/80c2c2c3fbc647b2f5897a87479701cb438b69a2",
                "reference": "80c2c2c3fbc647b2f5897a87479701cb438b69a2",
                "shasum": ""
            },
            "require": {
                "php": ">=7.4",
                "phpmv/ubiquity-commands": "^0.0",
                "symfony/process": "^5.2"
            },
            "bin": [
                "src/Ubiquity"
            ],
            "type": "installer",
            "extra": {
                "branch-alias": {
                    "dev-master": "1.3.x-dev"
                }
            },
            "autoload": {
                "psr-4": {
                    "Ubiquity\\": "src/"
                }
            },
            "notification-url": "https://packagist.org/downloads/",
            "license": [
                "Apache-2.0"
            ],
            "authors": [
                {
                    "name": "Jean-Christophe HERON",
                    "email": "myaddressmail@gmail.com",
                    "role": "Lead developer"
                }
            ],
            "description": "Command line tools for ubiquity-framework",
            "keywords": [
                "framework",
                "php"
            ],
            "support": {
                "issues": "https://github.com/phpMv/ubiquity-devtools/issues",
                "source": "https://github.com/phpMv/ubiquity-devtools/tree/1.2.26"
            },
            "time": "2021-03-09T11:15:01+00:00"
        },
        {
            "name": "phpmv/ubiquity-webtools",
            "version": "2.4.7",
            "source": {
                "type": "git",
                "url": "https://github.com/phpMv/ubiquity-webtools.git",
                "reference": "0b56462d0b3cc369c6540e18f00233c610972cdc"
            },
            "dist": {
                "type": "zip",
                "url": "https://api.github.com/repos/phpMv/ubiquity-webtools/zipball/0b56462d0b3cc369c6540e18f00233c610972cdc",
                "reference": "0b56462d0b3cc369c6540e18f00233c610972cdc",
                "shasum": ""
            },
            "require": {
                "php": ">=7.4",
                "phpmv/php-mv-ui": ">2.2.19",
                "phpmv/ubiquity-dev": "^0.1"
            },
            "type": "extension",
            "extra": {
                "branch-alias": {
                    "dev-master": "2.4.x-dev"
                }
            },
            "autoload": {
                "psr-4": {
                    "Ubiquity\\": "src/Ubiquity/"
                }
            },
            "notification-url": "https://packagist.org/downloads/",
            "license": [
                "Apache-2.0"
            ],
            "authors": [
                {
                    "name": "Jean-Christophe HERON",
                    "email": "myaddressmail@gmail.com",
                    "role": "Lead developer"
                }
            ],
            "description": "Webtools for Ubiquity framework",
            "keywords": [
                "framework",
                "mvc",
                "orm",
                "php",
                "php-framework",
                "tools"
            ],
            "support": {
                "issues": "https://github.com/phpMv/ubiquity-webtools/issues",
                "source": "https://github.com/phpMv/ubiquity-webtools/tree/2.4.7"
            },
            "time": "2021-03-28T21:19:16+00:00"
        },
        {
            "name": "symfony/polyfill-php80",
            "version": "v1.22.1",
            "source": {
                "type": "git",
                "url": "https://github.com/symfony/polyfill-php80.git",
                "reference": "dc3063ba22c2a1fd2f45ed856374d79114998f91"
            },
            "dist": {
                "type": "zip",
                "url": "https://api.github.com/repos/symfony/polyfill-php80/zipball/dc3063ba22c2a1fd2f45ed856374d79114998f91",
                "reference": "dc3063ba22c2a1fd2f45ed856374d79114998f91",
                "shasum": ""
            },
            "require": {
                "php": ">=7.1"
            },
            "type": "library",
            "extra": {
                "branch-alias": {
                    "dev-main": "1.22-dev"
                },
                "thanks": {
                    "name": "symfony/polyfill",
                    "url": "https://github.com/symfony/polyfill"
                }
            },
            "autoload": {
                "psr-4": {
                    "Symfony\\Polyfill\\Php80\\": ""
                },
                "files": [
                    "bootstrap.php"
                ],
                "classmap": [
                    "Resources/stubs"
                ]
            },
            "notification-url": "https://packagist.org/downloads/",
            "license": [
                "MIT"
            ],
            "authors": [
                {
                    "name": "Ion Bazan",
                    "email": "ion.bazan@gmail.com"
                },
                {
                    "name": "Nicolas Grekas",
                    "email": "p@tchwork.com"
                },
                {
                    "name": "Symfony Community",
                    "homepage": "https://symfony.com/contributors"
                }
            ],
            "description": "Symfony polyfill backporting some PHP 8.0+ features to lower PHP versions",
            "homepage": "https://symfony.com",
            "keywords": [
                "compatibility",
                "polyfill",
                "portable",
                "shim"
            ],
            "support": {
                "source": "https://github.com/symfony/polyfill-php80/tree/v1.22.1"
            },
            "funding": [
                {
                    "url": "https://symfony.com/sponsor",
                    "type": "custom"
                },
                {
                    "url": "https://github.com/fabpot",
                    "type": "github"
                },
                {
                    "url": "https://tidelift.com/funding/github/packagist/symfony/symfony",
                    "type": "tidelift"
                }
            ],
            "time": "2021-01-07T16:49:33+00:00"
        },
        {
            "name": "symfony/process",
            "version": "v5.2.4",
            "source": {
                "type": "git",
                "url": "https://github.com/symfony/process.git",
                "reference": "313a38f09c77fbcdc1d223e57d368cea76a2fd2f"
            },
            "dist": {
                "type": "zip",
                "url": "https://api.github.com/repos/symfony/process/zipball/313a38f09c77fbcdc1d223e57d368cea76a2fd2f",
                "reference": "313a38f09c77fbcdc1d223e57d368cea76a2fd2f",
                "shasum": ""
            },
            "require": {
                "php": ">=7.2.5",
                "symfony/polyfill-php80": "^1.15"
            },
            "type": "library",
            "autoload": {
                "psr-4": {
                    "Symfony\\Component\\Process\\": ""
                },
                "exclude-from-classmap": [
                    "/Tests/"
                ]
            },
            "notification-url": "https://packagist.org/downloads/",
            "license": [
                "MIT"
            ],
            "authors": [
                {
                    "name": "Fabien Potencier",
                    "email": "fabien@symfony.com"
                },
                {
                    "name": "Symfony Community",
                    "homepage": "https://symfony.com/contributors"
                }
            ],
            "description": "Executes commands in sub-processes",
            "homepage": "https://symfony.com",
            "support": {
                "source": "https://github.com/symfony/process/tree/v5.2.4"
            },
            "funding": [
                {
                    "url": "https://symfony.com/sponsor",
                    "type": "custom"
                },
                {
                    "url": "https://github.com/fabpot",
                    "type": "github"
                },
                {
                    "url": "https://tidelift.com/funding/github/packagist/symfony/symfony",
                    "type": "tidelift"
                }
            ],
            "time": "2021-01-27T10:15:41+00:00"
        }
    ],
    "aliases": [],
    "minimum-stability": "dev",
    "stability-flags": {
        "phpmv/ubiquity": 20
    },
    "prefer-stable": true,
    "prefer-lowest": false,
    "platform": {
        "php": ">=8.0"
    },
    "platform-dev": [],
    "plugin-api-version": "2.0.0"
}
